
Microsoft Visual Studio Solution File, Format Version 12.00
# Visual Studio Version 16
VisualStudioVersion = 16.0.31205.134
MinimumVisualStudioVersion = 10.0.40219.1
Project("{FAE04EC0-301F-11D3-BF4B-00C04F79EFBC}") = "ProvaPOO_3C1Rodrigo38", "ProvaPOO_3C1Rodrigo38.csproj", "{50F3B1E9-E2EA-4AAF-9667-387D209ED45B}"
EndProject
Global
	GlobalSection(SolutionConfigurationPlatforms) = preSolution
		Debug|Any CPU = Debug|Any CPU
		Release|Any CPU = Release|Any CPU
	EndGlobalSection
	GlobalSection(ProjectConfigurationPlatforms) = postSolution
		{50F3B1E9-E2EA-4AAF-9667-387D209ED45B}.Debug|Any CPU.ActiveCfg = Debug|Any CPU
		{50F3B1E9-E2EA-4AAF-9667-387D209ED45B}.Debug|Any CPU.Build.0 = Debug|Any CPU
		{50F3B1E9-E2EA-4AAF-9667-387D209ED45B}.Release|Any CPU.ActiveCfg = Release|Any CPU
		{50F3B1E9-E2EA-4AAF-9667-387D209ED45B}.Release|Any CPU.Build.0 = Release|Any CPU
	EndGlobalSection
	GlobalSection(SolutionProperties) = preSolution
		HideSolutionNode = FALSE
	EndGlobalSection
	GlobalSection(ExtensibilityGlobals) = postSolution
		SolutionGuid = {83DD0D2F-758D-4B0B-8464-B5180F10F6F9}
	EndGlobalSection
EndGlobal
